
Microsoft Visual Studio Solution File, Format Version 12.00
# Visual Studio Version 16
VisualStudioVersion = 16.0.30204.135
MinimumVisualStudioVersion = 10.0.40219.1
Project("{FAE04EC0-301F-11D3-BF4B-00C04F79EFBC}") = "Sorting_Algorithms_Comparison", "Sorting_Algorithms_Comparison.csproj", "{4DDE07FF-F9DB-42B6-863E-E4ED7C15FC50}"
EndProject
Global
	GlobalSection(SolutionConfigurationPlatforms) = preSolution
		Debug|Any CPU = Debug|Any CPU
		Release|Any CPU = Release|Any CPU
	EndGlobalSection
	GlobalSection(ProjectConfigurationPlatforms) = postSolution
		{4DDE07FF-F9DB-42B6-863E-E4ED7C15FC50}.Debug|Any CPU.ActiveCfg = Debug|Any CPU
		{4DDE07FF-F9DB-42B6-863E-E4ED7C15FC50}.Debug|Any CPU.Build.0 = Debug|Any CPU
		{4DDE07FF-F9DB-42B6-863E-E4ED7C15FC50}.Release|Any CPU.ActiveCfg = Release|Any CPU
		{4DDE07FF-F9DB-42B6-863E-E4ED7C15FC50}.Release|Any CPU.Build.0 = Release|Any CPU
	EndGlobalSection
	GlobalSection(SolutionProperties) = preSolution
		HideSolutionNode = FALSE
	EndGlobalSection
	GlobalSection(ExtensibilityGlobals) = postSolution
		SolutionGuid = {46205CA5-573D-411A-9319-1419F72F356A}
	EndGlobalSection
EndGlobal
